
Microsoft Visual Studio Solution File, Format Version 12.00
# Visual Studio Version 17
VisualStudioVersion = 17.0.31612.314
MinimumVisualStudioVersion = 10.0.40219.1
Project("{FAE04EC0-301F-11D3-BF4B-00C04F79EFBC}") = "PIzza", "PIzza\PIzza.csproj", "{65C31D23-D284-41A0-AD27-241402DA938D}"
EndProject
Global
	GlobalSection(SolutionConfigurationPlatforms) = preSolution
		Debug|Any CPU = Debug|Any CPU
		Release|Any CPU = Release|Any CPU
	EndGlobalSection
	GlobalSection(ProjectConfigurationPlatforms) = postSolution
		{65C31D23-D284-41A0-AD27-241402DA938D}.Debug|Any CPU.ActiveCfg = Debug|Any CPU
		{65C31D23-D284-41A0-AD27-241402DA938D}.Debug|Any CPU.Build.0 = Debug|Any CPU
		{65C31D23-D284-41A0-AD27-241402DA938D}.Release|Any CPU.ActiveCfg = Release|Any CPU
		{65C31D23-D284-41A0-AD27-241402DA938D}.Release|Any CPU.Build.0 = Release|Any CPU
	EndGlobalSection
	GlobalSection(SolutionProperties) = preSolution
		HideSolutionNode = FALSE
	EndGlobalSection
	GlobalSection(ExtensibilityGlobals) = postSolution
		SolutionGuid = {1D4A7B87-729F-4BFA-B7D4-97D5DC1D6EB2}
	EndGlobalSection
EndGlobal
